
Microsoft Visual Studio Solution File, Format Version 12.00
Project("{FAE04EC0-301F-11D3-BF4B-00C04F79EFBC}") = "ReceiverPay", "ReceiverPay\ReceiverPay.csproj", "{19351641-F9C7-4111-89B7-A3BA3684DCF3}"
EndProject
Global
	GlobalSection(SolutionConfigurationPlatforms) = preSolution
		Debug|Any CPU = Debug|Any CPU
		Release|Any CPU = Release|Any CPU
	EndGlobalSection
	GlobalSection(ProjectConfigurationPlatforms) = postSolution
		{19351641-F9C7-4111-89B7-A3BA3684DCF3}.Debug|Any CPU.ActiveCfg = Debug|Any CPU
		{19351641-F9C7-4111-89B7-A3BA3684DCF3}.Debug|Any CPU.Build.0 = Debug|Any CPU
		{19351641-F9C7-4111-89B7-A3BA3684DCF3}.Release|Any CPU.ActiveCfg = Release|Any CPU
		{19351641-F9C7-4111-89B7-A3BA3684DCF3}.Release|Any CPU.Build.0 = Release|Any CPU
	EndGlobalSection
EndGlobal
